
Microsoft Visual Studio Solution File, Format Version 12.00
# Visual Studio Version 16
VisualStudioVersion = 16.0.29806.167
MinimumVisualStudioVersion = 10.0.40219.1
Project("{FAE04EC0-301F-11D3-BF4B-00C04F79EFBC}") = "DBapprochBySP", "DBapprochBySP\DBapprochBySP.csproj", "{263ADBB3-7873-48C7-A385-542075C08216}"
EndProject
Global
	GlobalSection(SolutionConfigurationPlatforms) = preSolution
		Debug|Any CPU = Debug|Any CPU
		Release|Any CPU = Release|Any CPU
	EndGlobalSection
	GlobalSection(ProjectConfigurationPlatforms) = postSolution
		{263ADBB3-7873-48C7-A385-542075C08216}.Debug|Any CPU.ActiveCfg = Debug|Any CPU
		{263ADBB3-7873-48C7-A385-542075C08216}.Debug|Any CPU.Build.0 = Debug|Any CPU
		{263ADBB3-7873-48C7-A385-542075C08216}.Release|Any CPU.ActiveCfg = Release|Any CPU
		{263ADBB3-7873-48C7-A385-542075C08216}.Release|Any CPU.Build.0 = Release|Any CPU
	EndGlobalSection
	GlobalSection(SolutionProperties) = preSolution
		HideSolutionNode = FALSE
	EndGlobalSection
	GlobalSection(ExtensibilityGlobals) = postSolution
		SolutionGuid = {ECCC9767-C44A-4297-87B6-E3AC49AD6F46}
	EndGlobalSection
EndGlobal
